// !$*UTF8*$!
{
	archiveVersion = 1;
	classes = {
	};
	objectVersion = 56;
	objects = {

/* Begin PBXBuildFile section */
		6E557754A5C4838B8A9EEF51 /* Pods_MegaLuckSlotBliss.framework in Frameworks */ = {isa = PBXBuildFile; fileRef = 9D336FE7D63C24944F3F6F1A /* Pods_MegaLuckSlotBliss.framework */; };
		C616015C2C8B1EB600164E2C /* AppDelegate.m in Sources */ = {isa = PBXBuildFile; fileRef = C616015B2C8B1EB600164E2C /* AppDelegate.m */; };
		C61601622C8B1EB600164E2C /* MegaLuckGoGoViewController.m in Sources */ = {isa = PBXBuildFile; fileRef = C61601612C8B1EB600164E2C /* MegaLuckGoGoViewController.m */; };
		C61601652C8B1EB600164E2C /* Main.storyboard in Resources */ = {isa = PBXBuildFile; fileRef = C61601632C8B1EB600164E2C /* Main.storyboard */; };
		C61601672C8B1EB800164E2C /* Assets.xcassets in Resources */ = {isa = PBXBuildFile; fileRef = C61601662C8B1EB800164E2C /* Assets.xcassets */; };
		C616016A2C8B1EB800164E2C /* LaunchScreen.storyboard in Resources */ = {isa = PBXBuildFile; fileRef = C61601682C8B1EB800164E2C /* LaunchScreen.storyboard */; };
		C616016D2C8B1EB800164E2C /* main.m in Sources */ = {isa = PBXBuildFile; fileRef = C616016C2C8B1EB800164E2C /* main.m */; };
		C61601772C8B1EB800164E2C /* MegaLuckSlotBlissTests.m in Sources */ = {isa = PBXBuildFile; fileRef = C61601762C8B1EB800164E2C /* MegaLuckSlotBlissTests.m */; };
		C61601812C8B1EB800164E2C /* MegaLuckSlotBlissUITests.m in Sources */ = {isa = PBXBuildFile; fileRef = C61601802C8B1EB800164E2C /* MegaLuckSlotBlissUITests.m */; };
		C61601832C8B1EB800164E2C /* MegaLuckSlotBlissUITestsLaunchTests.m in Sources */ = {isa = PBXBuildFile; fileRef = C61601822C8B1EB800164E2C /* MegaLuckSlotBlissUITestsLaunchTests.m */; };
		C61601DC2C8B2D6000164E2C /* attack.gif in Resources */ = {isa = PBXBuildFile; fileRef = C61601DA2C8B2D6000164E2C /* attack.gif */; };
		C61601DD2C8B2D6000164E2C /* car.gif in Resources */ = {isa = PBXBuildFile; fileRef = C61601DB2C8B2D6000164E2C /* car.gif */; };
		C61601E12C8B2D6900164E2C /* Mega_Luck_Slot_Bliss.xcdatamodeld in Sources */ = {isa = PBXBuildFile; fileRef = C61601DE2C8B2D6900164E2C /* Mega_Luck_Slot_Bliss.xcdatamodeld */; };
		C61601E22C8B2D6900164E2C /* tank.obj in Resources */ = {isa = PBXBuildFile; fileRef = C61601E02C8B2D6900164E2C /* tank.obj */; };
		C61601E82C8B2D9A00164E2C /* Audio + Ext.swift in Sources */ = {isa = PBXBuildFile; fileRef = C61601E42C8B2D9A00164E2C /* Audio + Ext.swift */; };
		C61601E92C8B2D9A00164E2C /* Vc + Ext.swift in Sources */ = {isa = PBXBuildFile; fileRef = C61601E52C8B2D9A00164E2C /* Vc + Ext.swift */; };
		C61601EA2C8B2D9A00164E2C /* Img + Ext.swift in Sources */ = {isa = PBXBuildFile; fileRef = C61601E62C8B2D9A00164E2C /* Img + Ext.swift */; };
		C61601EB2C8B2D9A00164E2C /* Corner + Ext.swift in Sources */ = {isa = PBXBuildFile; fileRef = C61601E72C8B2D9A00164E2C /* Corner + Ext.swift */; };
		C61601ED2C8B2DA200164E2C /* Game + Protocol.swift in Sources */ = {isa = PBXBuildFile; fileRef = C61601EC2C8B2DA200164E2C /* Game + Protocol.swift */; };
		C61601EF2C8B2E3100164E2C /* MegaLuckGetStartViewController.swift in Sources */ = {isa = PBXBuildFile; fileRef = C61601EE2C8B2E3100164E2C /* MegaLuckGetStartViewController.swift */; };
		C61601F12C8B2E3E00164E2C /* MegaLuckHomeVcViewController.swift in Sources */ = {isa = PBXBuildFile; fileRef = C61601F02C8B2E3E00164E2C /* MegaLuckHomeVcViewController.swift */; };
		C61601F32C8B2E4B00164E2C /* MegaLuckGamevcViewController.swift in Sources */ = {isa = PBXBuildFile; fileRef = C61601F22C8B2E4B00164E2C /* MegaLuckGamevcViewController.swift */; };
		C61601F52C8B2E6000164E2C /* GameScene.swift in Sources */ = {isa = PBXBuildFile; fileRef = C61601F42C8B2E6000164E2C /* GameScene.swift */; };
		C61601F72C8B2EA700164E2C /* MegaLuckSlotGamevcViewController.swift in Sources */ = {isa = PBXBuildFile; fileRef = C61601F62C8B2EA700164E2C /* MegaLuckSlotGamevcViewController.swift */; };
/* End PBXBuildFile section */

/* Begin PBXContainerItemProxy section */
		C61601732C8B1EB800164E2C /* PBXContainerItemProxy */ = {
			isa = PBXContainerItemProxy;
			containerPortal = C616014F2C8B1EB600164E2C /* Project object */;
			proxyType = 1;
			remoteGlobalIDString = C61601562C8B1EB600164E2C;
			remoteInfo = MegaLuckSlotBliss;
		};
		C616017D2C8B1EB800164E2C /* PBXContainerItemProxy */ = {
			isa = PBXContainerItemProxy;
			containerPortal = C616014F2C8B1EB600164E2C /* Project object */;
			proxyType = 1;
			remoteGlobalIDString = C61601562C8B1EB600164E2C;
			remoteInfo = MegaLuckSlotBliss;
		};
/* End PBXContainerItemProxy section */

/* Begin PBXFileReference section */
		9D336FE7D63C24944F3F6F1A /* Pods_MegaLuckSlotBliss.framework */ = {isa = PBXFileReference; explicitFileType = wrapper.framework; includeInIndex = 0; path = Pods_MegaLuckSlotBliss.framework; sourceTree = BUILT_PRODUCTS_DIR; };
		C61601572C8B1EB600164E2C /* MegaLuckSlotBliss.app */ = {isa = PBXFileReference; explicitFileType = wrapper.application; includeInIndex = 0; path = MegaLuckSlotBliss.app; sourceTree = BUILT_PRODUCTS_DIR; };
		C616015A2C8B1EB600164E2C /* AppDelegate.h */ = {isa = PBXFileReference; lastKnownFileType = sourcecode.c.h; path = AppDelegate.h; sourceTree = "<group>"; };
		C616015B2C8B1EB600164E2C /* AppDelegate.m */ = {isa = PBXFileReference; lastKnownFileType = sourcecode.c.objc; path = AppDelegate.m; sourceTree = "<group>"; };
		C61601602C8B1EB600164E2C /* MegaLuckGoGoViewController.h */ = {isa = PBXFileReference; lastKnownFileType = sourcecode.c.h; path = MegaLuckGoGoViewController.h; sourceTree = "<group>"; };
		C61601612C8B1EB600164E2C /* MegaLuckGoGoViewController.m */ = {isa = PBXFileReference; lastKnownFileType = sourcecode.c.objc; path = MegaLuckGoGoViewController.m; sourceTree = "<group>"; };
		C61601642C8B1EB600164E2C /* Base */ = {isa = PBXFileReference; lastKnownFileType = file.storyboard; name = Base; path = Base.lproj/Main.storyboard; sourceTree = "<group>"; };
		C61601662C8B1EB800164E2C /* Assets.xcassets */ = {isa = PBXFileReference; lastKnownFileType = folder.assetcatalog; path = Assets.xcassets; sourceTree = "<group>"; };
		C61601692C8B1EB800164E2C /* Base */ = {isa = PBXFileReference; lastKnownFileType = file.storyboard; name = Base; path = Base.lproj/LaunchScreen.storyboard; sourceTree = "<group>"; };
		C616016B2C8B1EB800164E2C /* Info.plist */ = {isa = PBXFileReference; lastKnownFileType = text.plist.xml; path = Info.plist; sourceTree = "<group>"; };
		C616016C2C8B1EB800164E2C /* main.m */ = {isa = PBXFileReference; lastKnownFileType = sourcecode.c.objc; path = main.m; sourceTree = "<group>"; };
		C61601722C8B1EB800164E2C /* MegaLuckSlotBlissTests.xctest */ = {isa = PBXFileReference; explicitFileType = wrapper.cfbundle; includeInIndex = 0; path = MegaLuckSlotBlissTests.xctest; sourceTree = BUILT_PRODUCTS_DIR; };
		C61601762C8B1EB800164E2C /* MegaLuckSlotBlissTests.m */ = {isa = PBXFileReference; lastKnownFileType = sourcecode.c.objc; path = MegaLuckSlotBlissTests.m; sourceTree = "<group>"; };
		C616017C2C8B1EB800164E2C /* MegaLuckSlotBlissUITests.xctest */ = {isa = PBXFileReference; explicitFileType = wrapper.cfbundle; includeInIndex = 0; path = MegaLuckSlotBlissUITests.xctest; sourceTree = BUILT_PRODUCTS_DIR; };
		C61601802C8B1EB800164E2C /* MegaLuckSlotBlissUITests.m */ = {isa = PBXFileReference; lastKnownFileType = sourcecode.c.objc; path = MegaLuckSlotBlissUITests.m; sourceTree = "<group>"; };
		C61601822C8B1EB800164E2C /* MegaLuckSlotBlissUITestsLaunchTests.m */ = {isa = PBXFileReference; lastKnownFileType = sourcecode.c.objc; path = MegaLuckSlotBlissUITestsLaunchTests.m; sourceTree = "<group>"; };
		C61601DA2C8B2D6000164E2C /* attack.gif */ = {isa = PBXFileReference; lastKnownFileType = image.gif; path = attack.gif; sourceTree = "<group>"; };
		C61601DB2C8B2D6000164E2C /* car.gif */ = {isa = PBXFileReference; lastKnownFileType = image.gif; path = car.gif; sourceTree = "<group>"; };
		C61601DF2C8B2D6900164E2C /* Mega_Luck_Slot_Bliss.xcdatamodel */ = {isa = PBXFileReference; lastKnownFileType = wrapper.xcdatamodel; path = Mega_Luck_Slot_Bliss.xcdatamodel; sourceTree = "<group>"; };
		C61601E02C8B2D6900164E2C /* tank.obj */ = {isa = PBXFileReference; fileEncoding = 4; lastKnownFileType = text; path = tank.obj; sourceTree = "<group>"; };
		C61601E32C8B2D9900164E2C /* MegaLuckSlotBliss-Bridging-Header.h */ = {isa = PBXFileReference; lastKnownFileType = sourcecode.c.h; path = "MegaLuckSlotBliss-Bridging-Header.h"; sourceTree = "<group>"; };
		C61601E42C8B2D9A00164E2C /* Audio + Ext.swift */ = {isa = PBXFileReference; fileEncoding = 4; lastKnownFileType = sourcecode.swift; path = "Audio + Ext.swift"; sourceTree = "<group>"; };
		C61601E52C8B2D9A00164E2C /* Vc + Ext.swift */ = {isa = PBXFileReference; fileEncoding = 4; lastKnownFileType = sourcecode.swift; path = "Vc + Ext.swift"; sourceTree = "<group>"; };
		C61601E62C8B2D9A00164E2C /* Img + Ext.swift */ = {isa = PBXFileReference; fileEncoding = 4; lastKnownFileType = sourcecode.swift; path = "Img + Ext.swift"; sourceTree = "<group>"; };
		C61601E72C8B2D9A00164E2C /* Corner + Ext.swift */ = {isa = PBXFileReference; fileEncoding = 4; lastKnownFileType = sourcecode.swift; path = "Corner + Ext.swift"; sourceTree = "<group>"; };
		C61601EC2C8B2DA200164E2C /* Game + Protocol.swift */ = {isa = PBXFileReference; fileEncoding = 4; lastKnownFileType = sourcecode.swift; path = "Game + Protocol.swift"; sourceTree = "<group>"; };
		C61601EE2C8B2E3100164E2C /* MegaLuckGetStartViewController.swift */ = {isa = PBXFileReference; lastKnownFileType = sourcecode.swift; path = MegaLuckGetStartViewController.swift; sourceTree = "<group>"; };
		C61601F02C8B2E3E00164E2C /* MegaLuckHomeVcViewController.swift */ = {isa = PBXFileReference; lastKnownFileType = sourcecode.swift; path = MegaLuckHomeVcViewController.swift; sourceTree = "<group>"; };
		C61601F22C8B2E4B00164E2C /* MegaLuckGamevcViewController.swift */ = {isa = PBXFileReference; lastKnownFileType = sourcecode.swift; path = MegaLuckGamevcViewController.swift; sourceTree = "<group>"; };
		C61601F42C8B2E6000164E2C /* GameScene.swift */ = {isa = PBXFileReference; fileEncoding = 4; lastKnownFileType = sourcecode.swift; path = GameScene.swift; sourceTree = "<group>"; };
		C61601F62C8B2EA700164E2C /* MegaLuckSlotGamevcViewController.swift */ = {isa = PBXFileReference; lastKnownFileType = sourcecode.swift; path = MegaLuckSlotGamevcViewController.swift; sourceTree = "<group>"; };
		CC07B0E4AC135FFBC1F33F79 /* Pods-MegaLuckSlotBliss.release.xcconfig */ = {isa = PBXFileReference; includeInIndex = 1; lastKnownFileType = text.xcconfig; name = "Pods-MegaLuckSlotBliss.release.xcconfig"; path = "Target Support Files/Pods-MegaLuckSlotBliss/Pods-MegaLuckSlotBliss.release.xcconfig"; sourceTree = "<group>"; };
		DA5AA067AC9091D7C127DE62 /* Pods-MegaLuckSlotBliss.debug.xcconfig */ = {isa = PBXFileReference; includeInIndex = 1; lastKnownFileType = text.xcconfig; name = "Pods-MegaLuckSlotBliss.debug.xcconfig"; path = "Target Support Files/Pods-MegaLuckSlotBliss/Pods-MegaLuckSlotBliss.debug.xcconfig"; sourceTree = "<group>"; };
/* End PBXFileReference section */

/* Begin PBXFrameworksBuildPhase section */
		C61601542C8B1EB600164E2C /* Frameworks */ = {
			isa = PBXFrameworksBuildPhase;
			buildActionMask = 2147483647;
			files = (
				6E557754A5C4838B8A9EEF51 /* Pods_MegaLuckSlotBliss.framework in Frameworks */,
			);
			runOnlyForDeploymentPostprocessing = 0;
		};
		C616016F2C8B1EB800164E2C /* Frameworks */ = {
			isa = PBXFrameworksBuildPhase;
			buildActionMask = 2147483647;
			files = (
			);
			runOnlyForDeploymentPostprocessing = 0;
		};
		C61601792C8B1EB800164E2C /* Frameworks */ = {
			isa = PBXFrameworksBuildPhase;
			buildActionMask = 2147483647;
			files = (
			);
			runOnlyForDeploymentPostprocessing = 0;
		};
/* End PBXFrameworksBuildPhase section */

/* Begin PBXGroup section */
		3986D4F4FD6D5A756F5E43EA /* Pods */ = {
			isa = PBXGroup;
			children = (
				DA5AA067AC9091D7C127DE62 /* Pods-MegaLuckSlotBliss.debug.xcconfig */,
				CC07B0E4AC135FFBC1F33F79 /* Pods-MegaLuckSlotBliss.release.xcconfig */,
			);
			path = Pods;
			sourceTree = "<group>";
		};
		C616014E2C8B1EB600164E2C = {
			isa = PBXGroup;
			children = (
				C61601592C8B1EB600164E2C /* MegaLuckSlotBliss */,
				C61601752C8B1EB800164E2C /* MegaLuckSlotBlissTests */,
				C616017F2C8B1EB800164E2C /* MegaLuckSlotBlissUITests */,
				C61601582C8B1EB600164E2C /* Products */,
				3986D4F4FD6D5A756F5E43EA /* Pods */,
				FD250082AD08D2EDAB2B681C /* Frameworks */,
			);
			sourceTree = "<group>";
		};
		C61601582C8B1EB600164E2C /* Products */ = {
			isa = PBXGroup;
			children = (
				C61601572C8B1EB600164E2C /* MegaLuckSlotBliss.app */,
				C61601722C8B1EB800164E2C /* MegaLuckSlotBlissTests.xctest */,
				C616017C2C8B1EB800164E2C /* MegaLuckSlotBlissUITests.xctest */,
			);
			name = Products;
			sourceTree = "<group>";
		};
		C61601592C8B1EB600164E2C /* MegaLuckSlotBliss */ = {
			isa = PBXGroup;
			children = (
				C61601F42C8B2E6000164E2C /* GameScene.swift */,
				C61601EC2C8B2DA200164E2C /* Game + Protocol.swift */,
				C61601E42C8B2D9A00164E2C /* Audio + Ext.swift */,
				C61601E72C8B2D9A00164E2C /* Corner + Ext.swift */,
				C61601E62C8B2D9A00164E2C /* Img + Ext.swift */,
				C61601E52C8B2D9A00164E2C /* Vc + Ext.swift */,
				C61601DE2C8B2D6900164E2C /* Mega_Luck_Slot_Bliss.xcdatamodeld */,
				C61601E02C8B2D6900164E2C /* tank.obj */,
				C61601DA2C8B2D6000164E2C /* attack.gif */,
				C61601DB2C8B2D6000164E2C /* car.gif */,
				C616015A2C8B1EB600164E2C /* AppDelegate.h */,
				C616015B2C8B1EB600164E2C /* AppDelegate.m */,
				C61601602C8B1EB600164E2C /* MegaLuckGoGoViewController.h */,
				C61601612C8B1EB600164E2C /* MegaLuckGoGoViewController.m */,
				C61601632C8B1EB600164E2C /* Main.storyboard */,
				C61601662C8B1EB800164E2C /* Assets.xcassets */,
				C61601682C8B1EB800164E2C /* LaunchScreen.storyboard */,
				C616016B2C8B1EB800164E2C /* Info.plist */,
				C616016C2C8B1EB800164E2C /* main.m */,
				C61601E32C8B2D9900164E2C /* MegaLuckSlotBliss-Bridging-Header.h */,
				C61601EE2C8B2E3100164E2C /* MegaLuckGetStartViewController.swift */,
				C61601F02C8B2E3E00164E2C /* MegaLuckHomeVcViewController.swift */,
				C61601F22C8B2E4B00164E2C /* MegaLuckGamevcViewController.swift */,
				C61601F62C8B2EA700164E2C /* MegaLuckSlotGamevcViewController.swift */,
			);
			path = MegaLuckSlotBliss;
			sourceTree = "<group>";
		};
		C61601752C8B1EB800164E2C /* MegaLuckSlotBlissTests */ = {
			isa = PBXGroup;
			children = (
				C61601762C8B1EB800164E2C /* MegaLuckSlotBlissTests.m */,
			);
			path = MegaLuckSlotBlissTests;
			sourceTree = "<group>";
		};
		C616017F2C8B1EB800164E2C /* MegaLuckSlotBlissUITests */ = {
			isa = PBXGroup;
			children = (
				C61601802C8B1EB800164E2C /* MegaLuckSlotBlissUITests.m */,
				C61601822C8B1EB800164E2C /* MegaLuckSlotBlissUITestsLaunchTests.m */,
			);
			path = MegaLuckSlotBlissUITests;
			sourceTree = "<group>";
		};
		FD250082AD08D2EDAB2B681C /* Frameworks */ = {
			isa = PBXGroup;
			children = (
				9D336FE7D63C24944F3F6F1A /* Pods_MegaLuckSlotBliss.framework */,
			);
			name = Frameworks;
			sourceTree = "<group>";
		};
/* End PBXGroup section */

/* Begin PBXNativeTarget section */
		C61601562C8B1EB600164E2C /* MegaLuckSlotBliss */ = {
			isa = PBXNativeTarget;
			buildConfigurationList = C61601862C8B1EB800164E2C /* Build configuration list for PBXNativeTarget "MegaLuckSlotBliss" */;
			buildPhases = (
				D5D8E8E75D03DA94AD5123C4 /* [CP] Check Pods Manifest.lock */,
				C61601532C8B1EB600164E2C /* Sources */,
				C61601542C8B1EB600164E2C /* Frameworks */,
				C61601552C8B1EB600164E2C /* Resources */,
				8AC4C84A58039A5A6C68BFD3 /* [CP] Embed Pods Frameworks */,
			);
			buildRules = (
			);
			dependencies = (
			);
			name = MegaLuckSlotBliss;
			productName = MegaLuckSlotBliss;
			productReference = C61601572C8B1EB600164E2C /* MegaLuckSlotBliss.app */;
			productType = "com.apple.product-type.application";
		};
		C61601712C8B1EB800164E2C /* MegaLuckSlotBlissTests */ = {
			isa = PBXNativeTarget;
			buildConfigurationList = C61601892C8B1EB800164E2C /* Build configuration list for PBXNativeTarget "MegaLuckSlotBlissTests" */;
			buildPhases = (
				C616016E2C8B1EB800164E2C /* Sources */,
				C616016F2C8B1EB800164E2C /* Frameworks */,
				C61601702C8B1EB800164E2C /* Resources */,
			);
			buildRules = (
			);
			dependencies = (
				C61601742C8B1EB800164E2C /* PBXTargetDependency */,
			);
			name = MegaLuckSlotBlissTests;
			productName = MegaLuckSlotBlissTests;
			productReference = C61601722C8B1EB800164E2C /* MegaLuckSlotBlissTests.xctest */;
			productType = "com.apple.product-type.bundle.unit-test";
		};
		C616017B2C8B1EB800164E2C /* MegaLuckSlotBlissUITests */ = {
			isa = PBXNativeTarget;
			buildConfigurationList = C616018C2C8B1EB800164E2C /* Build configuration list for PBXNativeTarget "MegaLuckSlotBlissUITests" */;
			buildPhases = (
				C61601782C8B1EB800164E2C /* Sources */,
				C61601792C8B1EB800164E2C /* Frameworks */,
				C616017A2C8B1EB800164E2C /* Resources */,
			);
			buildRules = (
			);
			dependencies = (
				C616017E2C8B1EB800164E2C /* PBXTargetDependency */,
			);
			name = MegaLuckSlotBlissUITests;
			productName = MegaLuckSlotBlissUITests;
			productReference = C616017C2C8B1EB800164E2C /* MegaLuckSlotBlissUITests.xctest */;
			productType = "com.apple.product-type.bundle.ui-testing";
		};
/* End PBXNativeTarget section */

/* Begin PBXProject section */
		C616014F2C8B1EB600164E2C /* Project object */ = {
			isa = PBXProject;
			attributes = {
				BuildIndependentTargetsInParallel = 1;
				LastUpgradeCheck = 1520;
				TargetAttributes = {
					C61601562C8B1EB600164E2C = {
						CreatedOnToolsVersion = 15.2;
						LastSwiftMigration = 1520;
					};
					C61601712C8B1EB800164E2C = {
						CreatedOnToolsVersion = 15.2;
						TestTargetID = C61601562C8B1EB600164E2C;
					};
					C616017B2C8B1EB800164E2C = {
						CreatedOnToolsVersion = 15.2;
						TestTargetID = C61601562C8B1EB600164E2C;
					};
				};
			};
			buildConfigurationList = C61601522C8B1EB600164E2C /* Build configuration list for PBXProject "MegaLuckSlotBliss" */;
			compatibilityVersion = "Xcode 14.0";
			developmentRegion = en;
			hasScannedForEncodings = 0;
			knownRegions = (
				en,
				Base,
			);
			mainGroup = C616014E2C8B1EB600164E2C;
			productRefGroup = C61601582C8B1EB600164E2C /* Products */;
			projectDirPath = "";
			projectRoot = "";
			targets = (
				C61601562C8B1EB600164E2C /* MegaLuckSlotBliss */,
				C61601712C8B1EB800164E2C /* MegaLuckSlotBlissTests */,
				C616017B2C8B1EB800164E2C /* MegaLuckSlotBlissUITests */,
			);
		};
/* End PBXProject section */

/* Begin PBXResourcesBuildPhase section */
		C61601552C8B1EB600164E2C /* Resources */ = {
			isa = PBXResourcesBuildPhase;
			buildActionMask = 2147483647;
			files = (
				C616016A2C8B1EB800164E2C /* LaunchScreen.storyboard in Resources */,
				C61601672C8B1EB800164E2C /* Assets.xcassets in Resources */,
				C61601DC2C8B2D6000164E2C /* attack.gif in Resources */,
				C61601E22C8B2D6900164E2C /* tank.obj in Resources */,
				C61601652C8B1EB600164E2C /* Main.storyboard in Resources */,
				C61601DD2C8B2D6000164E2C /* car.gif in Resources */,
			);
			runOnlyForDeploymentPostprocessing = 0;
		};
		C61601702C8B1EB800164E2C /* Resources */ = {
			isa = PBXResourcesBuildPhase;
			buildActionMask = 2147483647;
			files = (
			);
			runOnlyForDeploymentPostprocessing = 0;
		};
		C616017A2C8B1EB800164E2C /* Resources */ = {
			isa = PBXResourcesBuildPhase;
			buildActionMask = 2147483647;
			files = (
			);
			runOnlyForDeploymentPostprocessing = 0;
		};
/* End PBXResourcesBuildPhase section */

/* Begin PBXShellScriptBuildPhase section */
		8AC4C84A58039A5A6C68BFD3 /* [CP] Embed Pods Frameworks */ = {
			isa = PBXShellScriptBuildPhase;
			buildActionMask = 2147483647;
			files = (
			);
			inputFileListPaths = (
				"${PODS_ROOT}/Target Support Files/Pods-MegaLuckSlotBliss/Pods-MegaLuckSlotBliss-frameworks-${CONFIGURATION}-input-files.xcfilelist",
			);
			name = "[CP] Embed Pods Frameworks";
			outputFileListPaths = (
				"${PODS_ROOT}/Target Support Files/Pods-MegaLuckSlotBliss/Pods-MegaLuckSlotBliss-frameworks-${CONFIGURATION}-output-files.xcfilelist",
			);
			runOnlyForDeploymentPostprocessing = 0;
			shellPath = /bin/sh;
			shellScript = "\"${PODS_ROOT}/Target Support Files/Pods-MegaLuckSlotBliss/Pods-MegaLuckSlotBliss-frameworks.sh\"\n";
			showEnvVarsInLog = 0;
		};
		D5D8E8E75D03DA94AD5123C4 /* [CP] Check Pods Manifest.lock */ = {
			isa = PBXShellScriptBuildPhase;
			buildActionMask = 2147483647;
			files = (
			);
			inputFileListPaths = (
			);
			inputPaths = (
				"${PODS_PODFILE_DIR_PATH}/Podfile.lock",
				"${PODS_ROOT}/Manifest.lock",
			);
			name = "[CP] Check Pods Manifest.lock";
			outputFileListPaths = (
			);
			outputPaths = (
				"$(DERIVED_FILE_DIR)/Pods-MegaLuckSlotBliss-checkManifestLockResult.txt",
			);
			runOnlyForDeploymentPostprocessing = 0;
			shellPath = /bin/sh;
			shellScript = "diff \"${PODS_PODFILE_DIR_PATH}/Podfile.lock\" \"${PODS_ROOT}/Manifest.lock\" > /dev/null\nif [ $? != 0 ] ; then\n    # print error to STDERR\n    echo \"error: The sandbox is not in sync with the Podfile.lock. Run 'pod install' or update your CocoaPods installation.\" >&2\n    exit 1\nfi\n# This output is used by Xcode 'outputs' to avoid re-running this script phase.\necho \"SUCCESS\" > \"${SCRIPT_OUTPUT_FILE_0}\"\n";
			showEnvVarsInLog = 0;
		};
/* End PBXShellScriptBuildPhase section */

/* Begin PBXSourcesBuildPhase section */
		C61601532C8B1EB600164E2C /* Sources */ = {
			isa = PBXSourcesBuildPhase;
			buildActionMask = 2147483647;
			files = (
				C61601F32C8B2E4B00164E2C /* MegaLuckGamevcViewController.swift in Sources */,
				C61601EA2C8B2D9A00164E2C /* Img + Ext.swift in Sources */,
				C61601E82C8B2D9A00164E2C /* Audio + Ext.swift in Sources */,
				C61601EB2C8B2D9A00164E2C /* Corner + Ext.swift in Sources */,
				C61601EF2C8B2E3100164E2C /* MegaLuckGetStartViewController.swift in Sources */,
				C61601622C8B1EB600164E2C /* MegaLuckGoGoViewController.m in Sources */,
				C61601F72C8B2EA700164E2C /* MegaLuckSlotGamevcViewController.swift in Sources */,
				C61601E92C8B2D9A00164E2C /* Vc + Ext.swift in Sources */,
				C616015C2C8B1EB600164E2C /* AppDelegate.m in Sources */,
				C61601F52C8B2E6000164E2C /* GameScene.swift in Sources */,
				C61601ED2C8B2DA200164E2C /* Game + Protocol.swift in Sources */,
				C61601E12C8B2D6900164E2C /* Mega_Luck_Slot_Bliss.xcdatamodeld in Sources */,
				C616016D2C8B1EB800164E2C /* main.m in Sources */,
				C61601F12C8B2E3E00164E2C /* MegaLuckHomeVcViewController.swift in Sources */,
			);
			runOnlyForDeploymentPostprocessing = 0;
		};
		C616016E2C8B1EB800164E2C /* Sources */ = {
			isa = PBXSourcesBuildPhase;
			buildActionMask = 2147483647;
			files = (
				C61601772C8B1EB800164E2C /* MegaLuckSlotBlissTests.m in Sources */,
			);
			runOnlyForDeploymentPostprocessing = 0;
		};
		C61601782C8B1EB800164E2C /* Sources */ = {
			isa = PBXSourcesBuildPhase;
			buildActionMask = 2147483647;
			files = (
				C61601812C8B1EB800164E2C /* MegaLuckSlotBlissUITests.m in Sources */,
				C61601832C8B1EB800164E2C /* MegaLuckSlotBlissUITestsLaunchTests.m in Sources */,
			);
			runOnlyForDeploymentPostprocessing = 0;
		};
/* End PBXSourcesBuildPhase section */

/* Begin PBXTargetDependency section */
		C61601742C8B1EB800164E2C /* PBXTargetDependency */ = {
			isa = PBXTargetDependency;
			target = C61601562C8B1EB600164E2C /* MegaLuckSlotBliss */;
			targetProxy = C61601732C8B1EB800164E2C /* PBXContainerItemProxy */;
		};
		C616017E2C8B1EB800164E2C /* PBXTargetDependency */ = {
			isa = PBXTargetDependency;
			target = C61601562C8B1EB600164E2C /* MegaLuckSlotBliss */;
			targetProxy = C616017D2C8B1EB800164E2C /* PBXContainerItemProxy */;
		};
/* End PBXTargetDependency section */

/* Begin PBXVariantGroup section */
		C61601632C8B1EB600164E2C /* Main.storyboard */ = {
			isa = PBXVariantGroup;
			children = (
				C61601642C8B1EB600164E2C /* Base */,
			);
			name = Main.storyboard;
			sourceTree = "<group>";
		};
		C61601682C8B1EB800164E2C /* LaunchScreen.storyboard */ = {
			isa = PBXVariantGroup;
			children = (
				C61601692C8B1EB800164E2C /* Base */,
			);
			name = LaunchScreen.storyboard;
			sourceTree = "<group>";
		};
/* End PBXVariantGroup section */

/* Begin XCBuildConfiguration section */
		C61601842C8B1EB800164E2C /* Debug */ = {
			isa = XCBuildConfiguration;
			buildSettings = {
				ALWAYS_SEARCH_USER_PATHS = NO;
				ASSETCATALOG_COMPILER_GENERATE_SWIFT_ASSET_SYMBOL_EXTENSIONS = YES;
				CLANG_ANALYZER_NONNULL = YES;
				CLANG_ANALYZER_NUMBER_OBJECT_CONVERSION = YES_AGGRESSIVE;
				CLANG_CXX_LANGUAGE_STANDARD = "gnu++20";
				CLANG_ENABLE_MODULES = YES;
				CLANG_ENABLE_OBJC_ARC = YES;
				CLANG_ENABLE_OBJC_WEAK = YES;
				CLANG_WARN_BLOCK_CAPTURE_AUTORELEASING = YES;
				CLANG_WARN_BOOL_CONVERSION = YES;
				CLANG_WARN_COMMA = YES;
				CLANG_WARN_CONSTANT_CONVERSION = YES;
				CLANG_WARN_DEPRECATED_OBJC_IMPLEMENTATIONS = YES;
				CLANG_WARN_DIRECT_OBJC_ISA_USAGE = YES_ERROR;
				CLANG_WARN_DOCUMENTATION_COMMENTS = YES;
				CLANG_WARN_EMPTY_BODY = YES;
				CLANG_WARN_ENUM_CONVERSION = YES;
				CLANG_WARN_INFINITE_RECURSION = YES;
				CLANG_WARN_INT_CONVERSION = YES;
				CLANG_WARN_NON_LITERAL_NULL_CONVERSION = YES;
				CLANG_WARN_OBJC_IMPLICIT_RETAIN_SELF = YES;
				CLANG_WARN_OBJC_LITERAL_CONVERSION = YES;
				CLANG_WARN_OBJC_ROOT_CLASS = YES_ERROR;
				CLANG_WARN_QUOTED_INCLUDE_IN_FRAMEWORK_HEADER = YES;
				CLANG_WARN_RANGE_LOOP_ANALYSIS = YES;
				CLANG_WARN_STRICT_PROTOTYPES = YES;
				CLANG_WARN_SUSPICIOUS_MOVE = YES;
				CLANG_WARN_UNGUARDED_AVAILABILITY = YES_AGGRESSIVE;
				CLANG_WARN_UNREACHABLE_CODE = YES;
				CLANG_WARN__DUPLICATE_METHOD_MATCH = YES;
				COPY_PHASE_STRIP = NO;
				DEBUG_INFORMATION_FORMAT = dwarf;
				ENABLE_STRICT_OBJC_MSGSEND = YES;
				ENABLE_TESTABILITY = YES;
				ENABLE_USER_SCRIPT_SANDBOXING = YES;
				GCC_C_LANGUAGE_STANDARD = gnu17;
				GCC_DYNAMIC_NO_PIC = NO;
				GCC_NO_COMMON_BLOCKS = YES;
				GCC_OPTIMIZATION_LEVEL = 0;
				GCC_PREPROCESSOR_DEFINITIONS = (
					"DEBUG=1",
					"$(inherited)",
				);
				GCC_WARN_64_TO_32_BIT_CONVERSION = YES;
				GCC_WARN_ABOUT_RETURN_TYPE = YES_ERROR;
				GCC_WARN_UNDECLARED_SELECTOR = YES;
				GCC_WARN_UNINITIALIZED_AUTOS = YES_AGGRESSIVE;
				GCC_WARN_UNUSED_FUNCTION = YES;
				GCC_WARN_UNUSED_VARIABLE = YES;
				IPHONEOS_DEPLOYMENT_TARGET = 17.2;
				LOCALIZATION_PREFERS_STRING_CATALOGS = YES;
				MTL_ENABLE_DEBUG_INFO = INCLUDE_SOURCE;
				MTL_FAST_MATH = YES;
				ONLY_ACTIVE_ARCH = YES;
				SDKROOT = iphoneos;
			};
			name = Debug;
		};
		C61601852C8B1EB800164E2C /* Release */ = {
			isa = XCBuildConfiguration;
			buildSettings = {
				ALWAYS_SEARCH_USER_PATHS = NO;
				ASSETCATALOG_COMPILER_GENERATE_SWIFT_ASSET_SYMBOL_EXTENSIONS = YES;
				CLANG_ANALYZER_NONNULL = YES;
				CLANG_ANALYZER_NUMBER_OBJECT_CONVERSION = YES_AGGRESSIVE;
				CLANG_CXX_LANGUAGE_STANDARD = "gnu++20";
				CLANG_ENABLE_MODULES = YES;
				CLANG_ENABLE_OBJC_ARC = YES;
				CLANG_ENABLE_OBJC_WEAK = YES;
				CLANG_WARN_BLOCK_CAPTURE_AUTORELEASING = YES;
				CLANG_WARN_BOOL_CONVERSION = YES;
				CLANG_WARN_COMMA = YES;
				CLANG_WARN_CONSTANT_CONVERSION = YES;
				CLANG_WARN_DEPRECATED_OBJC_IMPLEMENTATIONS = YES;
				CLANG_WARN_DIRECT_OBJC_ISA_USAGE = YES_ERROR;
				CLANG_WARN_DOCUMENTATION_COMMENTS = YES;
				CLANG_WARN_EMPTY_BODY = YES;
				CLANG_WARN_ENUM_CONVERSION = YES;
				CLANG_WARN_INFINITE_RECURSION = YES;
				CLANG_WARN_INT_CONVERSION = YES;
				CLANG_WARN_NON_LITERAL_NULL_CONVERSION = YES;
				CLANG_WARN_OBJC_IMPLICIT_RETAIN_SELF = YES;
				CLANG_WARN_OBJC_LITERAL_CONVERSION = YES;
				CLANG_WARN_OBJC_ROOT_CLASS = YES_ERROR;
				CLANG_WARN_QUOTED_INCLUDE_IN_FRAMEWORK_HEADER = YES;
				CLANG_WARN_RANGE_LOOP_ANALYSIS = YES;
				CLANG_WARN_STRICT_PROTOTYPES = YES;
				CLANG_WARN_SUSPICIOUS_MOVE = YES;
				CLANG_WARN_UNGUARDED_AVAILABILITY = YES_AGGRESSIVE;
				CLANG_WARN_UNREACHABLE_CODE = YES;
				CLANG_WARN__DUPLICATE_METHOD_MATCH = YES;
				COPY_PHASE_STRIP = NO;
				DEBUG_INFORMATION_FORMAT = "dwarf-with-dsym";
				ENABLE_NS_ASSERTIONS = NO;
				ENABLE_STRICT_OBJC_MSGSEND = YES;
				ENABLE_USER_SCRIPT_SANDBOXING = YES;
				GCC_C_LANGUAGE_STANDARD = gnu17;
				GCC_NO_COMMON_BLOCKS = YES;
				GCC_WARN_64_TO_32_BIT_CONVERSION = YES;
				GCC_WARN_ABOUT_RETURN_TYPE = YES_ERROR;
				GCC_WARN_UNDECLARED_SELECTOR = YES;
				GCC_WARN_UNINITIALIZED_AUTOS = YES_AGGRESSIVE;
				GCC_WARN_UNUSED_FUNCTION = YES;
				GCC_WARN_UNUSED_VARIABLE = YES;
				IPHONEOS_DEPLOYMENT_TARGET = 17.2;
				LOCALIZATION_PREFERS_STRING_CATALOGS = YES;
				MTL_ENABLE_DEBUG_INFO = NO;
				MTL_FAST_MATH = YES;
				SDKROOT = iphoneos;
				VALIDATE_PRODUCT = YES;
			};
			name = Release;
		};
		C61601872C8B1EB800164E2C /* Debug */ = {
			isa = XCBuildConfiguration;
			baseConfigurationReference = DA5AA067AC9091D7C127DE62 /* Pods-MegaLuckSlotBliss.debug.xcconfig */;
			buildSettings = {
				ASSETCATALOG_COMPILER_APPICON_NAME = AppIcon;
				ASSETCATALOG_COMPILER_GLOBAL_ACCENT_COLOR_NAME = AccentColor;
				CLANG_ENABLE_MODULES = YES;
				CODE_SIGN_STYLE = Manual;
				CURRENT_PROJECT_VERSION = 1;
				DEVELOPMENT_TEAM = "";
				ENABLE_USER_SCRIPT_SANDBOXING = NO;
				GENERATE_INFOPLIST_FILE = YES;
				INFOPLIST_FILE = MegaLuckSlotBliss/Info.plist;
				INFOPLIST_KEY_CFBundleDisplayName = "Mega Luck Slot Bliss";
				INFOPLIST_KEY_UIApplicationSupportsIndirectInputEvents = YES;
				INFOPLIST_KEY_UILaunchStoryboardName = LaunchScreen;
				INFOPLIST_KEY_UIMainStoryboardFile = Main;
				INFOPLIST_KEY_UISupportedInterfaceOrientations = "UIInterfaceOrientationLandscapeLeft UIInterfaceOrientationLandscapeRight";
				INFOPLIST_KEY_UISupportedInterfaceOrientations_iPad = "UIInterfaceOrientationLandscapeLeft UIInterfaceOrientationLandscapeRight UIInterfaceOrientationPortrait UIInterfaceOrientationPortraitUpsideDown";
				IPHONEOS_DEPLOYMENT_TARGET = 14.0;
				LD_RUNPATH_SEARCH_PATHS = (
					"$(inherited)",
					"@executable_path/Frameworks",
				);
				MARKETING_VERSION = 1.0;
				PRODUCT_BUNDLE_IDENTIFIER = com.MegaLuck.MegaLuckSlotBliss;
				PRODUCT_NAME = "$(TARGET_NAME)";
				PROVISIONING_PROFILE_SPECIFIER = "";
				SUPPORTED_PLATFORMS = "iphoneos iphonesimulator";
				SUPPORTS_MACCATALYST = NO;
				SUPPORTS_MAC_DESIGNED_FOR_IPHONE_IPAD = NO;
				SUPPORTS_XR_DESIGNED_FOR_IPHONE_IPAD = NO;
				SWIFT_EMIT_LOC_STRINGS = YES;
				SWIFT_OBJC_BRIDGING_HEADER = "MegaLuckSlotBliss/MegaLuckSlotBliss-Bridging-Header.h";
				SWIFT_OPTIMIZATION_LEVEL = "-Onone";
				SWIFT_VERSION = 5.0;
				TARGETED_DEVICE_FAMILY = 1;
			};
			name = Debug;
		};
		C61601882C8B1EB800164E2C /* Release */ = {
			isa = XCBuildConfiguration;
			baseConfigurationReference = CC07B0E4AC135FFBC1F33F79 /* Pods-MegaLuckSlotBliss.release.xcconfig */;
			buildSettings = {
				ASSETCATALOG_COMPILER_APPICON_NAME = AppIcon;
				ASSETCATALOG_COMPILER_GLOBAL_ACCENT_COLOR_NAME = AccentColor;
				CLANG_ENABLE_MODULES = YES;
				CODE_SIGN_STYLE = Manual;
				CURRENT_PROJECT_VERSION = 1;
				DEVELOPMENT_TEAM = "";
				ENABLE_USER_SCRIPT_SANDBOXING = NO;
				GENERATE_INFOPLIST_FILE = YES;
				INFOPLIST_FILE = MegaLuckSlotBliss/Info.plist;
				INFOPLIST_KEY_CFBundleDisplayName = "Mega Luck Slot Bliss";
				INFOPLIST_KEY_UIApplicationSupportsIndirectInputEvents = YES;
				INFOPLIST_KEY_UILaunchStoryboardName = LaunchScreen;
				INFOPLIST_KEY_UIMainStoryboardFile = Main;
				INFOPLIST_KEY_UISupportedInterfaceOrientations = "UIInterfaceOrientationLandscapeLeft UIInterfaceOrientationLandscapeRight";
				INFOPLIST_KEY_UISupportedInterfaceOrientations_iPad = "UIInterfaceOrientationLandscapeLeft UIInterfaceOrientationLandscapeRight UIInterfaceOrientationPortrait UIInterfaceOrientationPortraitUpsideDown";
				IPHONEOS_DEPLOYMENT_TARGET = 14.0;
				LD_RUNPATH_SEARCH_PATHS = (
					"$(inherited)",
					"@executable_path/Frameworks",
				);
				MARKETING_VERSION = 1.0;
				PRODUCT_BUNDLE_IDENTIFIER = com.MegaLuck.MegaLuckSlotBliss;
				PRODUCT_NAME = "$(TARGET_NAME)";
				PROVISIONING_PROFILE_SPECIFIER = "";
				SUPPORTED_PLATFORMS = "iphoneos iphonesimulator";
				SUPPORTS_MACCATALYST = NO;
				SUPPORTS_MAC_DESIGNED_FOR_IPHONE_IPAD = NO;
				SUPPORTS_XR_DESIGNED_FOR_IPHONE_IPAD = NO;
				SWIFT_EMIT_LOC_STRINGS = YES;
				SWIFT_OBJC_BRIDGING_HEADER = "MegaLuckSlotBliss/MegaLuckSlotBliss-Bridging-Header.h";
				SWIFT_VERSION = 5.0;
				TARGETED_DEVICE_FAMILY = 1;
			};
			name = Release;
		};
		C616018A2C8B1EB800164E2C /* Debug */ = {
			isa = XCBuildConfiguration;
			buildSettings = {
				ALWAYS_EMBED_SWIFT_STANDARD_LIBRARIES = YES;
				BUNDLE_LOADER = "$(TEST_HOST)";
				CODE_SIGN_STYLE = Automatic;
				CURRENT_PROJECT_VERSION = 1;
				GENERATE_INFOPLIST_FILE = YES;
				IPHONEOS_DEPLOYMENT_TARGET = 17.2;
				MARKETING_VERSION = 1.0;
				PRODUCT_BUNDLE_IDENTIFIER = com.MegaLuck.MegaLuckSlotBliss.MegaLuckSlotBlissTests;
				PRODUCT_NAME = "$(TARGET_NAME)";
				SWIFT_EMIT_LOC_STRINGS = NO;
				TARGETED_DEVICE_FAMILY = "1,2";
				TEST_HOST = "$(BUILT_PRODUCTS_DIR)/MegaLuckSlotBliss.app/$(BUNDLE_EXECUTABLE_FOLDER_PATH)/MegaLuckSlotBliss";
			};
			name = Debug;
		};
		C616018B2C8B1EB800164E2C /* Release */ = {
			isa = XCBuildConfiguration;
			buildSettings = {
				ALWAYS_EMBED_SWIFT_STANDARD_LIBRARIES = YES;
				BUNDLE_LOADER = "$(TEST_HOST)";
				CODE_SIGN_STYLE = Automatic;
				CURRENT_PROJECT_VERSION = 1;
				GENERATE_INFOPLIST_FILE = YES;
				IPHONEOS_DEPLOYMENT_TARGET = 17.2;
				MARKETING_VERSION = 1.0;
				PRODUCT_BUNDLE_IDENTIFIER = com.MegaLuck.MegaLuckSlotBliss.MegaLuckSlotBlissTests;
				PRODUCT_NAME = "$(TARGET_NAME)";
				SWIFT_EMIT_LOC_STRINGS = NO;
				TARGETED_DEVICE_FAMILY = "1,2";
				TEST_HOST = "$(BUILT_PRODUCTS_DIR)/MegaLuckSlotBliss.app/$(BUNDLE_EXECUTABLE_FOLDER_PATH)/MegaLuckSlotBliss";
			};
			name = Release;
		};
		C616018D2C8B1EB800164E2C /* Debug */ = {
			isa = XCBuildConfiguration;
			buildSettings = {
				ALWAYS_EMBED_SWIFT_STANDARD_LIBRARIES = YES;
				CODE_SIGN_STYLE = Automatic;
				CURRENT_PROJECT_VERSION = 1;
				GENERATE_INFOPLIST_FILE = YES;
				MARKETING_VERSION = 1.0;
				PRODUCT_BUNDLE_IDENTIFIER = com.MegaLuck.MegaLuckSlotBliss.MegaLuckSlotBlissUITests;
				PRODUCT_NAME = "$(TARGET_NAME)";
				SWIFT_EMIT_LOC_STRINGS = NO;
				TARGETED_DEVICE_FAMILY = "1,2";
				TEST_TARGET_NAME = MegaLuckSlotBliss;
			};
			name = Debug;
		};
		C616018E2C8B1EB800164E2C /* Release */ = {
			isa = XCBuildConfiguration;
			buildSettings = {
				ALWAYS_EMBED_SWIFT_STANDARD_LIBRARIES = YES;
				CODE_SIGN_STYLE = Automatic;
				CURRENT_PROJECT_VERSION = 1;
				GENERATE_INFOPLIST_FILE = YES;
				MARKETING_VERSION = 1.0;
				PRODUCT_BUNDLE_IDENTIFIER = com.MegaLuck.MegaLuckSlotBliss.MegaLuckSlotBlissUITests;
				PRODUCT_NAME = "$(TARGET_NAME)";
				SWIFT_EMIT_LOC_STRINGS = NO;
				TARGETED_DEVICE_FAMILY = "1,2";
				TEST_TARGET_NAME = MegaLuckSlotBliss;
			};
			name = Release;
		};
/* End XCBuildConfiguration section */

/* Begin XCConfigurationList section */
		C61601522C8B1EB600164E2C /* Build configuration list for PBXProject "MegaLuckSlotBliss" */ = {
			isa = XCConfigurationList;
			buildConfigurations = (
				C61601842C8B1EB800164E2C /* Debug */,
				C61601852C8B1EB800164E2C /* Release */,
			);
			defaultConfigurationIsVisible = 0;
			defaultConfigurationName = Release;
		};
		C61601862C8B1EB800164E2C /* Build configuration list for PBXNativeTarget "MegaLuckSlotBliss" */ = {
			isa = XCConfigurationList;
			buildConfigurations = (
				C61601872C8B1EB800164E2C /* Debug */,
				C61601882C8B1EB800164E2C /* Release */,
			);
			defaultConfigurationIsVisible = 0;
			defaultConfigurationName = Release;
		};
		C61601892C8B1EB800164E2C /* Build configuration list for PBXNativeTarget "MegaLuckSlotBlissTests" */ = {
			isa = XCConfigurationList;
			buildConfigurations = (
				C616018A2C8B1EB800164E2C /* Debug */,
				C616018B2C8B1EB800164E2C /* Release */,
			);
			defaultConfigurationIsVisible = 0;
			defaultConfigurationName = Release;
		};
		C616018C2C8B1EB800164E2C /* Build configuration list for PBXNativeTarget "MegaLuckSlotBlissUITests" */ = {
			isa = XCConfigurationList;
			buildConfigurations = (
				C616018D2C8B1EB800164E2C /* Debug */,
				C616018E2C8B1EB800164E2C /* Release */,
			);
			defaultConfigurationIsVisible = 0;
			defaultConfigurationName = Release;
		};
/* End XCConfigurationList section */

/* Begin XCVersionGroup section */
		C61601DE2C8B2D6900164E2C /* Mega_Luck_Slot_Bliss.xcdatamodeld */ = {
			isa = XCVersionGroup;
			children = (
				C61601DF2C8B2D6900164E2C /* Mega_Luck_Slot_Bliss.xcdatamodel */,
			);
			currentVersion = C61601DF2C8B2D6900164E2C /* Mega_Luck_Slot_Bliss.xcdatamodel */;
			path = Mega_Luck_Slot_Bliss.xcdatamodeld;
			sourceTree = "<group>";
			versionGroupType = wrapper.xcdatamodel;
		};
/* End XCVersionGroup section */
	};
	rootObject = C616014F2C8B1EB600164E2C /* Project object */;
}
